
Microsoft Visual Studio Solution File, Format Version 12.00
# Visual Studio 15
VisualStudioVersion = 15.0.28010.2036
MinimumVisualStudioVersion = 10.0.40219.1
Project("{9A19103F-16F7-4668-BE54-9A1E7A4F7556}") = "Models", "Models\Models.csproj", "{9662EA4D-3F06-47B7-BFE1-7BE73E7DC894}"
EndProject
Project("{9A19103F-16F7-4668-BE54-9A1E7A4F7556}") = "TestApplication", "TestApplication\TestApplication.csproj", "{4E893D5E-4222-443B-9A44-490BE9AC4BD9}"
EndProject
Project("{9A19103F-16F7-4668-BE54-9A1E7A4F7556}") = "DatabaseDao", "DatabaseDao\DatabaseDao.csproj", "{D4C0E615-70D4-4DF1-930E-36E9F1F4BC73}"
EndProject
Project("{9A19103F-16F7-4668-BE54-9A1E7A4F7556}") = "JSONConvertor", "JSONConvertor\JSONConvertor.csproj", "{9AE7AA4D-31ED-4D68-BDF1-4D2BC0E1DE82}"
EndProject
Project("{9A19103F-16F7-4668-BE54-9A1E7A4F7556}") = "DBFiller", "DBFiller\DBFiller.csproj", "{93C7E967-47DE-42D3-B2F4-DC1B685FFD98}"
EndProject
Project("{9A19103F-16F7-4668-BE54-9A1E7A4F7556}") = "DatabaseConfiguration", "DatabaseConfiguration\DatabaseConfiguration.csproj", "{CB7AF01D-EDAA-4AD2-B697-DCAE8FF82ED9}"
EndProject
Global
	GlobalSection(SolutionConfigurationPlatforms) = preSolution
		Debug|Any CPU = Debug|Any CPU
		Release|Any CPU = Release|Any CPU
	EndGlobalSection
	GlobalSection(ProjectConfigurationPlatforms) = postSolution
		{9662EA4D-3F06-47B7-BFE1-7BE73E7DC894}.Debug|Any CPU.ActiveCfg = Debug|Any CPU
		{9662EA4D-3F06-47B7-BFE1-7BE73E7DC894}.Debug|Any CPU.Build.0 = Debug|Any CPU
		{9662EA4D-3F06-47B7-BFE1-7BE73E7DC894}.Release|Any CPU.ActiveCfg = Release|Any CPU
		{9662EA4D-3F06-47B7-BFE1-7BE73E7DC894}.Release|Any CPU.Build.0 = Release|Any CPU
		{4E893D5E-4222-443B-9A44-490BE9AC4BD9}.Debug|Any CPU.ActiveCfg = Debug|Any CPU
		{4E893D5E-4222-443B-9A44-490BE9AC4BD9}.Debug|Any CPU.Build.0 = Debug|Any CPU
		{4E893D5E-4222-443B-9A44-490BE9AC4BD9}.Release|Any CPU.ActiveCfg = Release|Any CPU
		{4E893D5E-4222-443B-9A44-490BE9AC4BD9}.Release|Any CPU.Build.0 = Release|Any CPU
		{D4C0E615-70D4-4DF1-930E-36E9F1F4BC73}.Debug|Any CPU.ActiveCfg = Debug|Any CPU
		{D4C0E615-70D4-4DF1-930E-36E9F1F4BC73}.Debug|Any CPU.Build.0 = Debug|Any CPU
		{D4C0E615-70D4-4DF1-930E-36E9F1F4BC73}.Release|Any CPU.ActiveCfg = Release|Any CPU
		{D4C0E615-70D4-4DF1-930E-36E9F1F4BC73}.Release|Any CPU.Build.0 = Release|Any CPU
		{9AE7AA4D-31ED-4D68-BDF1-4D2BC0E1DE82}.Debug|Any CPU.ActiveCfg = Debug|Any CPU
		{9AE7AA4D-31ED-4D68-BDF1-4D2BC0E1DE82}.Debug|Any CPU.Build.0 = Debug|Any CPU
		{9AE7AA4D-31ED-4D68-BDF1-4D2BC0E1DE82}.Release|Any CPU.ActiveCfg = Release|Any CPU
		{9AE7AA4D-31ED-4D68-BDF1-4D2BC0E1DE82}.Release|Any CPU.Build.0 = Release|Any CPU
		{93C7E967-47DE-42D3-B2F4-DC1B685FFD98}.Debug|Any CPU.ActiveCfg = Debug|Any CPU
		{93C7E967-47DE-42D3-B2F4-DC1B685FFD98}.Debug|Any CPU.Build.0 = Debug|Any CPU
		{93C7E967-47DE-42D3-B2F4-DC1B685FFD98}.Release|Any CPU.ActiveCfg = Release|Any CPU
		{93C7E967-47DE-42D3-B2F4-DC1B685FFD98}.Release|Any CPU.Build.0 = Release|Any CPU
		{CB7AF01D-EDAA-4AD2-B697-DCAE8FF82ED9}.Debug|Any CPU.ActiveCfg = Debug|Any CPU
		{CB7AF01D-EDAA-4AD2-B697-DCAE8FF82ED9}.Debug|Any CPU.Build.0 = Debug|Any CPU
		{CB7AF01D-EDAA-4AD2-B697-DCAE8FF82ED9}.Release|Any CPU.ActiveCfg = Release|Any CPU
		{CB7AF01D-EDAA-4AD2-B697-DCAE8FF82ED9}.Release|Any CPU.Build.0 = Release|Any CPU
	EndGlobalSection
	GlobalSection(SolutionProperties) = preSolution
		HideSolutionNode = FALSE
	EndGlobalSection
	GlobalSection(ExtensibilityGlobals) = postSolution
		SolutionGuid = {6E5B33D9-73B3-4287-95B2-49807406311F}
	EndGlobalSection
EndGlobal
